// !$*UTF8*$!
{
	archiveVersion = 1;
	classes = {
	};
	objectVersion = 50;
	objects = {

/* Begin PBXBuildFile section */
		312C5FB623C886FA003B09DC /* AppDelegate.swift in Sources */ = {isa = PBXBuildFile; fileRef = 312C5FB523C886FA003B09DC /* AppDelegate.swift */; };
		312C5FB823C886FA003B09DC /* SceneDelegate.swift in Sources */ = {isa = PBXBuildFile; fileRef = 312C5FB723C886FA003B09DC /* SceneDelegate.swift */; };
		312C5FBA23C886FA003B09DC /* ViewController.swift in Sources */ = {isa = PBXBuildFile; fileRef = 312C5FB923C886FA003B09DC /* ViewController.swift */; };
		312C5FBD23C886FA003B09DC /* Main.storyboard in Resources */ = {isa = PBXBuildFile; fileRef = 312C5FBB23C886FA003B09DC /* Main.storyboard */; };
		312C5FC023C886FA003B09DC /* controlVerion.xcdatamodeld in Sources */ = {isa = PBXBuildFile; fileRef = 312C5FBE23C886FA003B09DC /* controlVerion.xcdatamodeld */; };
		312C5FC223C88711003B09DC /* Assets.xcassets in Resources */ = {isa = PBXBuildFile; fileRef = 312C5FC123C88711003B09DC /* Assets.xcassets */; };
		312C5FC523C88711003B09DC /* LaunchScreen.storyboard in Resources */ = {isa = PBXBuildFile; fileRef = 312C5FC323C88711003B09DC /* LaunchScreen.storyboard */; };
		312C5FD023C88711003B09DC /* controlVerionTests.swift in Sources */ = {isa = PBXBuildFile; fileRef = 312C5FCF23C88711003B09DC /* controlVerionTests.swift */; };
		312C5FDB23C88711003B09DC /* controlVerionUITests.swift in Sources */ = {isa = PBXBuildFile; fileRef = 312C5FDA23C88711003B09DC /* controlVerionUITests.swift */; };
/* End PBXBuildFile section */

/* Begin PBXContainerItemProxy section */
		312C5FCC23C88711003B09DC /* PBXContainerItemProxy */ = {
			isa = PBXContainerItemProxy;
			containerPortal = 312C5FAA23C886FA003B09DC /* Project object */;
			proxyType = 1;
			remoteGlobalIDString = 312C5FB123C886FA003B09DC;
			remoteInfo = controlVerion;
		};
		312C5FD723C88711003B09DC /* PBXContainerItemProxy */ = {
			isa = PBXContainerItemProxy;
			containerPortal = 312C5FAA23C886FA003B09DC /* Project object */;
			proxyType = 1;
			remoteGlobalIDString = 312C5FB123C886FA003B09DC;
			remoteInfo = controlVerion;
		};
/* End PBXContainerItemProxy section */

/* Begin PBXFileReference section */
		312C5FB223C886FA003B09DC /* controlVerion.app */ = {isa = PBXFileReference; explicitFileType = wrapper.application; includeInIndex = 0; path = controlVerion.app; sourceTree = BUILT_PRODUCTS_DIR; };
		312C5FB523C886FA003B09DC /* AppDelegate.swift */ = {isa = PBXFileReference; lastKnownFileType = sourcecode.swift; path = AppDelegate.swift; sourceTree = "<group>"; };
		312C5FB723C886FA003B09DC /* SceneDelegate.swift */ = {isa = PBXFileReference; lastKnownFileType = sourcecode.swift; path = SceneDelegate.swift; sourceTree = "<group>"; };
		312C5FB923C886FA003B09DC /* ViewController.swift */ = {isa = PBXFileReference; lastKnownFileType = sourcecode.swift; path = ViewController.swift; sourceTree = "<group>"; };
		312C5FBC23C886FA003B09DC /* Base */ = {isa = PBXFileReference; lastKnownFileType = file.storyboard; name = Base; path = Base.lproj/Main.storyboard; sourceTree = "<group>"; };
		312C5FBF23C886FA003B09DC /* controlVerion.xcdatamodel */ = {isa = PBXFileReference; lastKnownFileType = wrapper.xcdatamodel; path = controlVerion.xcdatamodel; sourceTree = "<group>"; };
		312C5FC123C88711003B09DC /* Assets.xcassets */ = {isa = PBXFileReference; lastKnownFileType = folder.assetcatalog; path = Assets.xcassets; sourceTree = "<group>"; };
		312C5FC423C88711003B09DC /* Base */ = {isa = PBXFileReference; lastKnownFileType = file.storyboard; name = Base; path = Base.lproj/LaunchScreen.storyboard; sourceTree = "<group>"; };
		312C5FC623C88711003B09DC /* Info.plist */ = {isa = PBXFileReference; lastKnownFileType = text.plist.xml; path = Info.plist; sourceTree = "<group>"; };
		312C5FCB23C88711003B09DC /* controlVerionTests.xctest */ = {isa = PBXFileReference; explicitFileType = wrapper.cfbundle; includeInIndex = 0; path = controlVerionTests.xctest; sourceTree = BUILT_PRODUCTS_DIR; };
		312C5FCF23C88711003B09DC /* controlVerionTests.swift */ = {isa = PBXFileReference; lastKnownFileType = sourcecode.swift; path = controlVerionTests.swift; sourceTree = "<group>"; };
		312C5FD123C88711003B09DC /* Info.plist */ = {isa = PBXFileReference; lastKnownFileType = text.plist.xml; path = Info.plist; sourceTree = "<group>"; };
		312C5FD623C88711003B09DC /* controlVerionUITests.xctest */ = {isa = PBXFileReference; explicitFileType = wrapper.cfbundle; includeInIndex = 0; path = controlVerionUITests.xctest; sourceTree = BUILT_PRODUCTS_DIR; };
		312C5FDA23C88711003B09DC /* controlVerionUITests.swift */ = {isa = PBXFileReference; lastKnownFileType = sourcecode.swift; path = controlVerionUITests.swift; sourceTree = "<group>"; };
		312C5FDC23C88711003B09DC /* Info.plist */ = {isa = PBXFileReference; lastKnownFileType = text.plist.xml; path = Info.plist; sourceTree = "<group>"; };
/* End PBXFileReference section */

/* Begin PBXFrameworksBuildPhase section */
		312C5FAF23C886FA003B09DC /* Frameworks */ = {
			isa = PBXFrameworksBuildPhase;
			buildActionMask = 2147483647;
			files = (
			);
			runOnlyForDeploymentPostprocessing = 0;
		};
		312C5FC823C88711003B09DC /* Frameworks */ = {
			isa = PBXFrameworksBuildPhase;
			buildActionMask = 2147483647;
			files = (
			);
			runOnlyForDeploymentPostprocessing = 0;
		};
		312C5FD323C88711003B09DC /* Frameworks */ = {
			isa = PBXFrameworksBuildPhase;
			buildActionMask = 2147483647;
			files = (
			);
			runOnlyForDeploymentPostprocessing = 0;
		};
/* End PBXFrameworksBuildPhase section */

/* Begin PBXGroup section */
		312C5FA923C886FA003B09DC = {
			isa = PBXGroup;
			children = (
				312C5FB423C886FA003B09DC /* controlVerion */,
				312C5FCE23C88711003B09DC /* controlVerionTests */,
				312C5FD923C88711003B09DC /* controlVerionUITests */,
				312C5FB323C886FA003B09DC /* Products */,
			);
			sourceTree = "<group>";
		};
		312C5FB323C886FA003B09DC /* Products */ = {
			isa = PBXGroup;
			children = (
				312C5FB223C886FA003B09DC /* controlVerion.app */,
				312C5FCB23C88711003B09DC /* controlVerionTests.xctest */,
				312C5FD623C88711003B09DC /* controlVerionUITests.xctest */,
			);
			name = Products;
			sourceTree = "<group>";
		};
		312C5FB423C886FA003B09DC /* controlVerion */ = {
			isa = PBXGroup;
			children = (
				312C5FB523C886FA003B09DC /* AppDelegate.swift */,
				312C5FB723C886FA003B09DC /* SceneDelegate.swift */,
				312C5FB923C886FA003B09DC /* ViewController.swift */,
				312C5FBB23C886FA003B09DC /* Main.storyboard */,
				312C5FC123C88711003B09DC /* Assets.xcassets */,
				312C5FC323C88711003B09DC /* LaunchScreen.storyboard */,
				312C5FC623C88711003B09DC /* Info.plist */,
				312C5FBE23C886FA003B09DC /* controlVerion.xcdatamodeld */,
			);
			path = controlVerion;
			sourceTree = "<group>";
		};
		312C5FCE23C88711003B09DC /* controlVerionTests */ = {
			isa = PBXGroup;
			children = (
				312C5FCF23C88711003B09DC /* controlVerionTests.swift */,
				312C5FD123C88711003B09DC /* Info.plist */,
			);
			path = controlVerionTests;
			sourceTree = "<group>";
		};
		312C5FD923C88711003B09DC /* controlVerionUITests */ = {
			isa = PBXGroup;
			children = (
				312C5FDA23C88711003B09DC /* controlVerionUITests.swift */,
				312C5FDC23C88711003B09DC /* Info.plist */,
			);
			path = controlVerionUITests;
			sourceTree = "<group>";
		};
/* End PBXGroup section */

/* Begin PBXNativeTarget section */
		312C5FB123C886FA003B09DC /* controlVerion */ = {
			isa = PBXNativeTarget;
			buildConfigurationList = 312C5FDF23C88711003B09DC /* Build configuration list for PBXNativeTarget "controlVerion" */;
			buildPhases = (
				312C5FAE23C886FA003B09DC /* Sources */,
				312C5FAF23C886FA003B09DC /* Frameworks */,
				312C5FB023C886FA003B09DC /* Resources */,
			);
			buildRules = (
			);
			dependencies = (
			);
			name = controlVerion;
			productName = controlVerion;
			productReference = 312C5FB223C886FA003B09DC /* controlVerion.app */;
			productType = "com.apple.product-type.application";
		};
		312C5FCA23C88711003B09DC /* controlVerionTests */ = {
			isa = PBXNativeTarget;
			buildConfigurationList = 312C5FE223C88711003B09DC /* Build configuration list for PBXNativeTarget "controlVerionTests" */;
			buildPhases = (
				312C5FC723C88711003B09DC /* Sources */,
				312C5FC823C88711003B09DC /* Frameworks */,
				312C5FC923C88711003B09DC /* Resources */,
			);
			buildRules = (
			);
			dependencies = (
				312C5FCD23C88711003B09DC /* PBXTargetDependency */,
			);
			name = controlVerionTests;
			productName = controlVerionTests;
			productReference = 312C5FCB23C88711003B09DC /* controlVerionTests.xctest */;
			productType = "com.apple.product-type.bundle.unit-test";
		};
		312C5FD523C88711003B09DC /* controlVerionUITests */ = {
			isa = PBXNativeTarget;
			buildConfigurationList = 312C5FE523C88711003B09DC /* Build configuration list for PBXNativeTarget "controlVerionUITests" */;
			buildPhases = (
				312C5FD223C88711003B09DC /* Sources */,
				312C5FD323C88711003B09DC /* Frameworks */,
				312C5FD423C88711003B09DC /* Resources */,
			);
			buildRules = (
			);
			dependencies = (
				312C5FD823C88711003B09DC /* PBXTargetDependency */,
			);
			name = controlVerionUITests;
			productName = controlVerionUITests;
			productReference = 312C5FD623C88711003B09DC /* controlVerionUITests.xctest */;
			productType = "com.apple.product-type.bundle.ui-testing";
		};
/* End PBXNativeTarget section */

/* Begin PBXProject section */
		312C5FAA23C886FA003B09DC /* Project object */ = {
			isa = PBXProject;
			attributes = {
				LastSwiftUpdateCheck = 1130;
				LastUpgradeCheck = 1130;
				ORGANIZATIONNAME = "R Shantha Kumar";
				TargetAttributes = {
					312C5FB123C886FA003B09DC = {
						CreatedOnToolsVersion = 11.3;
					};
					312C5FCA23C88711003B09DC = {
						CreatedOnToolsVersion = 11.3;
						TestTargetID = 312C5FB123C886FA003B09DC;
					};
					312C5FD523C88711003B09DC = {
						CreatedOnToolsVersion = 11.3;
						TestTargetID = 312C5FB123C886FA003B09DC;
					};
				};
			};
			buildConfigurationList = 312C5FAD23C886FA003B09DC /* Build configuration list for PBXProject "controlVerion" */;
			compatibilityVersion = "Xcode 9.3";
			developmentRegion = en;
			hasScannedForEncodings = 0;
			knownRegions = (
				en,
				Base,
			);
			mainGroup = 312C5FA923C886FA003B09DC;
			productRefGroup = 312C5FB323C886FA003B09DC /* Products */;
			projectDirPath = "";
			projectRoot = "";
			targets = (
				312C5FB123C886FA003B09DC /* controlVerion */,
				312C5FCA23C88711003B09DC /* controlVerionTests */,
				312C5FD523C88711003B09DC /* controlVerionUITests */,
			);
		};
/* End PBXProject section */

/* Begin PBXResourcesBuildPhase section */
		312C5FB023C886FA003B09DC /* Resources */ = {
			isa = PBXResourcesBuildPhase;
			buildActionMask = 2147483647;
			files = (
				312C5FC523C88711003B09DC /* LaunchScreen.storyboard in Resources */,
				312C5FC223C88711003B09DC /* Assets.xcassets in Resources */,
				312C5FBD23C886FA003B09DC /* Main.storyboard in Resources */,
			);
			runOnlyForDeploymentPostprocessing = 0;
		};
		312C5FC923C88711003B09DC /* Resources */ = {
			isa = PBXResourcesBuildPhase;
			buildActionMask = 2147483647;
			files = (
			);
			runOnlyForDeploymentPostprocessing = 0;
		};
		312C5FD423C88711003B09DC /* Resources */ = {
			isa = PBXResourcesBuildPhase;
			buildActionMask = 2147483647;
			files = (
			);
			runOnlyForDeploymentPostprocessing = 0;
		};
/* End PBXResourcesBuildPhase section */

/* Begin PBXSourcesBuildPhase section */
		312C5FAE23C886FA003B09DC /* Sources */ = {
			isa = PBXSourcesBuildPhase;
			buildActionMask = 2147483647;
			files = (
				312C5FBA23C886FA003B09DC /* ViewController.swift in Sources */,
				312C5FB623C886FA003B09DC /* AppDelegate.swift in Sources */,
				312C5FC023C886FA003B09DC /* controlVerion.xcdatamodeld in Sources */,
				312C5FB823C886FA003B09DC /* SceneDelegate.swift in Sources */,
			);
			runOnlyForDeploymentPostprocessing = 0;
		};
		312C5FC723C88711003B09DC /* Sources */ = {
			isa = PBXSourcesBuildPhase;
			buildActionMask = 2147483647;
			files = (
				312C5FD023C88711003B09DC /* controlVerionTests.swift in Sources */,
			);
			runOnlyForDeploymentPostprocessing = 0;
		};
		312C5FD223C88711003B09DC /* Sources */ = {
			isa = PBXSourcesBuildPhase;
			buildActionMask = 2147483647;
			files = (
				312C5FDB23C88711003B09DC /* controlVerionUITests.swift in Sources */,
			);
			runOnlyForDeploymentPostprocessing = 0;
		};
/* End PBXSourcesBuildPhase section */

/* Begin PBXTargetDependency section */
		312C5FCD23C88711003B09DC /* PBXTargetDependency */ = {
			isa = PBXTargetDependency;
			target = 312C5FB123C886FA003B09DC /* controlVerion */;
			targetProxy = 312C5FCC23C88711003B09DC /* PBXContainerItemProxy */;
		};
		312C5FD823C88711003B09DC /* PBXTargetDependency */ = {
			isa = PBXTargetDependency;
			target = 312C5FB123C886FA003B09DC /* controlVerion */;
			targetProxy = 312C5FD723C88711003B09DC /* PBXContainerItemProxy */;
		};
/* End PBXTargetDependency section */

/* Begin PBXVariantGroup section */
		312C5FBB23C886FA003B09DC /* Main.storyboard */ = {
			isa = PBXVariantGroup;
			children = (
				312C5FBC23C886FA003B09DC /* Base */,
			);
			name = Main.storyboard;
			sourceTree = "<group>";
		};
		312C5FC323C88711003B09DC /* LaunchScreen.storyboard */ = {
			isa = PBXVariantGroup;
			children = (
				312C5FC423C88711003B09DC /* Base */,
			);
			name = LaunchScreen.storyboard;
			sourceTree = "<group>";
		};
/* End PBXVariantGroup section */

/* Begin XCBuildConfiguration section */
		312C5FDD23C88711003B09DC /* Debug */ = {
			isa = XCBuildConfiguration;
			buildSettings = {
				ALWAYS_SEARCH_USER_PATHS = NO;
				CLANG_ANALYZER_NONNULL = YES;
				CLANG_ANALYZER_NUMBER_OBJECT_CONVERSION = YES_AGGRESSIVE;
				CLANG_CXX_LANGUAGE_STANDARD = "gnu++14";
				CLANG_CXX_LIBRARY = "libc++";
				CLANG_ENABLE_MODULES = YES;
				CLANG_ENABLE_OBJC_ARC = YES;
				CLANG_ENABLE_OBJC_WEAK = YES;
				CLANG_WARN_BLOCK_CAPTURE_AUTORELEASING = YES;
				CLANG_WARN_BOOL_CONVERSION = YES;
				CLANG_WARN_COMMA = YES;
				CLANG_WARN_CONSTANT_CONVERSION = YES;
				CLANG_WARN_DEPRECATED_OBJC_IMPLEMENTATIONS = YES;
				CLANG_WARN_DIRECT_OBJC_ISA_USAGE = YES_ERROR;
				CLANG_WARN_DOCUMENTATION_COMMENTS = YES;
				CLANG_WARN_EMPTY_BODY = YES;
				CLANG_WARN_ENUM_CONVERSION = YES;
				CLANG_WARN_INFINITE_RECURSION = YES;
				CLANG_WARN_INT_CONVERSION = YES;
				CLANG_WARN_NON_LITERAL_NULL_CONVERSION = YES;
				CLANG_WARN_OBJC_IMPLICIT_RETAIN_SELF = YES;
				CLANG_WARN_OBJC_LITERAL_CONVERSION = YES;
				CLANG_WARN_OBJC_ROOT_CLASS = YES_ERROR;
				CLANG_WARN_RANGE_LOOP_ANALYSIS = YES;
				CLANG_WARN_STRICT_PROTOTYPES = YES;
				CLANG_WARN_SUSPICIOUS_MOVE = YES;
				CLANG_WARN_UNGUARDED_AVAILABILITY = YES_AGGRESSIVE;
				CLANG_WARN_UNREACHABLE_CODE = YES;
				CLANG_WARN__DUPLICATE_METHOD_MATCH = YES;
				COPY_PHASE_STRIP = NO;
				DEBUG_INFORMATION_FORMAT = dwarf;
				ENABLE_STRICT_OBJC_MSGSEND = YES;
				ENABLE_TESTABILITY = YES;
				GCC_C_LANGUAGE_STANDARD = gnu11;
				GCC_DYNAMIC_NO_PIC = NO;
				GCC_NO_COMMON_BLOCKS = YES;
				GCC_OPTIMIZATION_LEVEL = 0;
				GCC_PREPROCESSOR_DEFINITIONS = (
					"DEBUG=1",
					"$(inherited)",
				);
				GCC_WARN_64_TO_32_BIT_CONVERSION = YES;
				GCC_WARN_ABOUT_RETURN_TYPE = YES_ERROR;
				GCC_WARN_UNDECLARED_SELECTOR = YES;
				GCC_WARN_UNINITIALIZED_AUTOS = YES_AGGRESSIVE;
				GCC_WARN_UNUSED_FUNCTION = YES;
				GCC_WARN_UNUSED_VARIABLE = YES;
				IPHONEOS_DEPLOYMENT_TARGET = 13.2;
				MTL_ENABLE_DEBUG_INFO = INCLUDE_SOURCE;
				MTL_FAST_MATH = YES;
				ONLY_ACTIVE_ARCH = YES;
				SDKROOT = iphoneos;
				SWIFT_ACTIVE_COMPILATION_CONDITIONS = DEBUG;
				SWIFT_OPTIMIZATION_LEVEL = "-Onone";
			};
			name = Debug;
		};
		312C5FDE23C88711003B09DC /* Release */ = {
			isa = XCBuildConfiguration;
			buildSettings = {
				ALWAYS_SEARCH_USER_PATHS = NO;
				CLANG_ANALYZER_NONNULL = YES;
				CLANG_ANALYZER_NUMBER_OBJECT_CONVERSION = YES_AGGRESSIVE;
				CLANG_CXX_LANGUAGE_STANDARD = "gnu++14";
				CLANG_CXX_LIBRARY = "libc++";
				CLANG_ENABLE_MODULES = YES;
				CLANG_ENABLE_OBJC_ARC = YES;
				CLANG_ENABLE_OBJC_WEAK = YES;
				CLANG_WARN_BLOCK_CAPTURE_AUTORELEASING = YES;
				CLANG_WARN_BOOL_CONVERSION = YES;
				CLANG_WARN_COMMA = YES;
				CLANG_WARN_CONSTANT_CONVERSION = YES;
				CLANG_WARN_DEPRECATED_OBJC_IMPLEMENTATIONS = YES;
				CLANG_WARN_DIRECT_OBJC_ISA_USAGE = YES_ERROR;
				CLANG_WARN_DOCUMENTATION_COMMENTS = YES;
				CLANG_WARN_EMPTY_BODY = YES;
				CLANG_WARN_ENUM_CONVERSION = YES;
				CLANG_WARN_INFINITE_RECURSION = YES;
				CLANG_WARN_INT_CONVERSION = YES;
				CLANG_WARN_NON_LITERAL_NULL_CONVERSION = YES;
				CLANG_WARN_OBJC_IMPLICIT_RETAIN_SELF = YES;
				CLANG_WARN_OBJC_LITERAL_CONVERSION = YES;
				CLANG_WARN_OBJC_ROOT_CLASS = YES_ERROR;
				CLANG_WARN_RANGE_LOOP_ANALYSIS = YES;
				CLANG_WARN_STRICT_PROTOTYPES = YES;
				CLANG_WARN_SUSPICIOUS_MOVE = YES;
				CLANG_WARN_UNGUARDED_AVAILABILITY = YES_AGGRESSIVE;
				CLANG_WARN_UNREACHABLE_CODE = YES;
				CLANG_WARN__DUPLICATE_METHOD_MATCH = YES;
				COPY_PHASE_STRIP = NO;
				DEBUG_INFORMATION_FORMAT = "dwarf-with-dsym";
				ENABLE_NS_ASSERTIONS = NO;
				ENABLE_STRICT_OBJC_MSGSEND = YES;
				GCC_C_LANGUAGE_STANDARD = gnu11;
				GCC_NO_COMMON_BLOCKS = YES;
				GCC_WARN_64_TO_32_BIT_CONVERSION = YES;
				GCC_WARN_ABOUT_RETURN_TYPE = YES_ERROR;
				GCC_WARN_UNDECLARED_SELECTOR = YES;
				GCC_WARN_UNINITIALIZED_AUTOS = YES_AGGRESSIVE;
				GCC_WARN_UNUSED_FUNCTION = YES;
				GCC_WARN_UNUSED_VARIABLE = YES;
				IPHONEOS_DEPLOYMENT_TARGET = 13.2;
				MTL_ENABLE_DEBUG_INFO = NO;
				MTL_FAST_MATH = YES;
				SDKROOT = iphoneos;
				SWIFT_COMPILATION_MODE = wholemodule;
				SWIFT_OPTIMIZATION_LEVEL = "-O";
				VALIDATE_PRODUCT = YES;
			};
			name = Release;
		};
		312C5FE023C88711003B09DC /* Debug */ = {
			isa = XCBuildConfiguration;
			buildSettings = {
				ASSETCATALOG_COMPILER_APPICON_NAME = AppIcon;
				CODE_SIGN_STYLE = Automatic;
				INFOPLIST_FILE = controlVerion/Info.plist;
				LD_RUNPATH_SEARCH_PATHS = (
					"$(inherited)",
					"@executable_path/Frameworks",
				);
				PRODUCT_BUNDLE_IDENTIFIER = shanth.controlVerion;
				PRODUCT_NAME = "$(TARGET_NAME)";
				SWIFT_VERSION = 5.0;
				TARGETED_DEVICE_FAMILY = "1,2";
			};
			name = Debug;
		};
		312C5FE123C88711003B09DC /* Release */ = {
			isa = XCBuildConfiguration;
			buildSettings = {
				ASSETCATALOG_COMPILER_APPICON_NAME = AppIcon;
				CODE_SIGN_STYLE = Automatic;
				INFOPLIST_FILE = controlVerion/Info.plist;
				LD_RUNPATH_SEARCH_PATHS = (
					"$(inherited)",
					"@executable_path/Frameworks",
				);
				PRODUCT_BUNDLE_IDENTIFIER = shanth.controlVerion;
				PRODUCT_NAME = "$(TARGET_NAME)";
				SWIFT_VERSION = 5.0;
				TARGETED_DEVICE_FAMILY = "1,2";
			};
			name = Release;
		};
		312C5FE323C88711003B09DC /* Debug */ = {
			isa = XCBuildConfiguration;
			buildSettings = {
				ALWAYS_EMBED_SWIFT_STANDARD_LIBRARIES = YES;
				BUNDLE_LOADER = "$(TEST_HOST)";
				CODE_SIGN_STYLE = Automatic;
				INFOPLIST_FILE = controlVerionTests/Info.plist;
				IPHONEOS_DEPLOYMENT_TARGET = 13.2;
				LD_RUNPATH_SEARCH_PATHS = (
					"$(inherited)",
					"@executable_path/Frameworks",
					"@loader_path/Frameworks",
				);
				PRODUCT_BUNDLE_IDENTIFIER = shanth.controlVerionTests;
				PRODUCT_NAME = "$(TARGET_NAME)";
				SWIFT_VERSION = 5.0;
				TARGETED_DEVICE_FAMILY = "1,2";
				TEST_HOST = "$(BUILT_PRODUCTS_DIR)/controlVerion.app/controlVerion";
			};
			name = Debug;
		};
		312C5FE423C88711003B09DC /* Release */ = {
			isa = XCBuildConfiguration;
			buildSettings = {
				ALWAYS_EMBED_SWIFT_STANDARD_LIBRARIES = YES;
				BUNDLE_LOADER = "$(TEST_HOST)";
				CODE_SIGN_STYLE = Automatic;
				INFOPLIST_FILE = controlVerionTests/Info.plist;
				IPHONEOS_DEPLOYMENT_TARGET = 13.2;
				LD_RUNPATH_SEARCH_PATHS = (
					"$(inherited)",
					"@executable_path/Frameworks",
					"@loader_path/Frameworks",
				);
				PRODUCT_BUNDLE_IDENTIFIER = shanth.controlVerionTests;
				PRODUCT_NAME = "$(TARGET_NAME)";
				SWIFT_VERSION = 5.0;
				TARGETED_DEVICE_FAMILY = "1,2";
				TEST_HOST = "$(BUILT_PRODUCTS_DIR)/controlVerion.app/controlVerion";
			};
			name = Release;
		};
		312C5FE623C88711003B09DC /* Debug */ = {
			isa = XCBuildConfiguration;
			buildSettings = {
				ALWAYS_EMBED_SWIFT_STANDARD_LIBRARIES = YES;
				CODE_SIGN_STYLE = Automatic;
				INFOPLIST_FILE = controlVerionUITests/Info.plist;
				LD_RUNPATH_SEARCH_PATHS = (
					"$(inherited)",
					"@executable_path/Frameworks",
					"@loader_path/Frameworks",
				);
				PRODUCT_BUNDLE_IDENTIFIER = shanth.controlVerionUITests;
				PRODUCT_NAME = "$(TARGET_NAME)";
				SWIFT_VERSION = 5.0;
				TARGETED_DEVICE_FAMILY = "1,2";
				TEST_TARGET_NAME = controlVerion;
			};
			name = Debug;
		};
		312C5FE723C88711003B09DC /* Release */ = {
			isa = XCBuildConfiguration;
			buildSettings = {
				ALWAYS_EMBED_SWIFT_STANDARD_LIBRARIES = YES;
				CODE_SIGN_STYLE = Automatic;
				INFOPLIST_FILE = controlVerionUITests/Info.plist;
				LD_RUNPATH_SEARCH_PATHS = (
					"$(inherited)",
					"@executable_path/Frameworks",
					"@loader_path/Frameworks",
				);
				PRODUCT_BUNDLE_IDENTIFIER = shanth.controlVerionUITests;
				PRODUCT_NAME = "$(TARGET_NAME)";
				SWIFT_VERSION = 5.0;
				TARGETED_DEVICE_FAMILY = "1,2";
				TEST_TARGET_NAME = controlVerion;
			};
			name = Release;
		};
/* End XCBuildConfiguration section */

/* Begin XCConfigurationList section */
		312C5FAD23C886FA003B09DC /* Build configuration list for PBXProject "controlVerion" */ = {
			isa = XCConfigurationList;
			buildConfigurations = (
				312C5FDD23C88711003B09DC /* Debug */,
				312C5FDE23C88711003B09DC /* Release */,
			);
			defaultConfigurationIsVisible = 0;
			defaultConfigurationName = Release;
		};
		312C5FDF23C88711003B09DC /* Build configuration list for PBXNativeTarget "controlVerion" */ = {
			isa = XCConfigurationList;
			buildConfigurations = (
				312C5FE023C88711003B09DC /* Debug */,
				312C5FE123C88711003B09DC /* Release */,
			);
			defaultConfigurationIsVisible = 0;
			defaultConfigurationName = Release;
		};
		312C5FE223C88711003B09DC /* Build configuration list for PBXNativeTarget "controlVerionTests" */ = {
			isa = XCConfigurationList;
			buildConfigurations = (
				312C5FE323C88711003B09DC /* Debug */,
				312C5FE423C88711003B09DC /* Release */,
			);
			defaultConfigurationIsVisible = 0;
			defaultConfigurationName = Release;
		};
		312C5FE523C88711003B09DC /* Build configuration list for PBXNativeTarget "controlVerionUITests" */ = {
			isa = XCConfigurationList;
			buildConfigurations = (
				312C5FE623C88711003B09DC /* Debug */,
				312C5FE723C88711003B09DC /* Release */,
			);
			defaultConfigurationIsVisible = 0;
			defaultConfigurationName = Release;
		};
/* End XCConfigurationList section */

/* Begin XCVersionGroup section */
		312C5FBE23C886FA003B09DC /* controlVerion.xcdatamodeld */ = {
			isa = XCVersionGroup;
			children = (
				312C5FBF23C886FA003B09DC /* controlVerion.xcdatamodel */,
			);
			currentVersion = 312C5FBF23C886FA003B09DC /* controlVerion.xcdatamodel */;
			path = controlVerion.xcdatamodeld;
			sourceTree = "<group>";
			versionGroupType = wrapper.xcdatamodel;
		};
/* End XCVersionGroup section */
	};
	rootObject = 312C5FAA23C886FA003B09DC /* Project object */;
}
